
Microsoft Visual Studio Solution File, Format Version 12.00
# Visual Studio Version 17
VisualStudioVersion = 17.5.33414.496
MinimumVisualStudioVersion = 10.0.40219.1
Project("{FAE04EC0-301F-11D3-BF4B-00C04F79EFBC}") = "XamarinCrossPlatformNativeLibrariesTest.UWP", "XamarinCrossPlatformNativeLibrariesTest.UWP\XamarinCrossPlatformNativeLibrariesTest.UWP.csproj", "{F5E35787-8361-4511-8BAA-5C2AF97A2899}"
EndProject
Project("{FAE04EC0-301F-11D3-BF4B-00C04F79EFBC}") = "XamarinCrossPlatformNativeLibrariesTest.Android", "XamarinCrossPlatformNativeLibrariesTest.Android\XamarinCrossPlatformNativeLibrariesTest.Android.csproj", "{EB762C4E-1FEE-4119-9928-7825453A02B6}"
EndProject
Project("{FAE04EC0-301F-11D3-BF4B-00C04F79EFBC}") = "XamarinCrossPlatformNativeLibrariesTest.iOS", "XamarinCrossPlatformNativeLibrariesTest.iOS\XamarinCrossPlatformNativeLibrariesTest.iOS.csproj", "{F7A16509-050E-4EF0-A3FE-FDA94C916C7A}"
EndProject
Project("{FAE04EC0-301F-11D3-BF4B-00C04F79EFBC}") = "XamarinCrossPlatformNativeLibrariesTest", "XamarinCrossPlatformNativeLibrariesTest\XamarinCrossPlatformNativeLibrariesTest.csproj", "{D65B3B33-B85F-4F79-8A55-75C7D7CDF4D5}"
EndProject
Global
	GlobalSection(SolutionConfigurationPlatforms) = preSolution
		Debug|Any CPU = Debug|Any CPU
		Debug|ARM = Debug|ARM
		Debug|iPhone = Debug|iPhone
		Debug|iPhoneSimulator = Debug|iPhoneSimulator
		Debug|x64 = Debug|x64
		Debug|x86 = Debug|x86
		Release|Any CPU = Release|Any CPU
		Release|ARM = Release|ARM
		Release|iPhone = Release|iPhone
		Release|iPhoneSimulator = Release|iPhoneSimulator
		Release|x64 = Release|x64
		Release|x86 = Release|x86
	EndGlobalSection
	GlobalSection(ProjectConfigurationPlatforms) = postSolution
		{F5E35787-8361-4511-8BAA-5C2AF97A2899}.Debug|Any CPU.ActiveCfg = Debug|x64
		{F5E35787-8361-4511-8BAA-5C2AF97A2899}.Debug|Any CPU.Build.0 = Debug|x64
		{F5E35787-8361-4511-8BAA-5C2AF97A2899}.Debug|Any CPU.Deploy.0 = Debug|x64
		{F5E35787-8361-4511-8BAA-5C2AF97A2899}.Debug|ARM.ActiveCfg = Debug|ARM
		{F5E35787-8361-4511-8BAA-5C2AF97A2899}.Debug|ARM.Build.0 = Debug|ARM
		{F5E35787-8361-4511-8BAA-5C2AF97A2899}.Debug|ARM.Deploy.0 = Debug|ARM
		{F5E35787-8361-4511-8BAA-5C2AF97A2899}.Debug|iPhone.ActiveCfg = Debug|x64
		{F5E35787-8361-4511-8BAA-5C2AF97A2899}.Debug|iPhone.Build.0 = Debug|x64
		{F5E35787-8361-4511-8BAA-5C2AF97A2899}.Debug|iPhone.Deploy.0 = Debug|x64
		{F5E35787-8361-4511-8BAA-5C2AF97A2899}.Debug|iPhoneSimulator.ActiveCfg = Debug|x64
		{F5E35787-8361-4511-8BAA-5C2AF97A2899}.Debug|iPhoneSimulator.Build.0 = Debug|x64
		{F5E35787-8361-4511-8BAA-5C2AF97A2899}.Debug|iPhoneSimulator.Deploy.0 = Debug|x64
		{F5E35787-8361-4511-8BAA-5C2AF97A2899}.Debug|x64.ActiveCfg = Debug|x64
		{F5E35787-8361-4511-8BAA-5C2AF97A2899}.Debug|x64.Build.0 = Debug|x64
		{F5E35787-8361-4511-8BAA-5C2AF97A2899}.Debug|x64.Deploy.0 = Debug|x64
		{F5E35787-8361-4511-8BAA-5C2AF97A2899}.Debug|x86.ActiveCfg = Debug|x86
		{F5E35787-8361-4511-8BAA-5C2AF97A2899}.Debug|x86.Build.0 = Debug|x86
		{F5E35787-8361-4511-8BAA-5C2AF97A2899}.Debug|x86.Deploy.0 = Debug|x86
		{F5E35787-8361-4511-8BAA-5C2AF97A2899}.Release|Any CPU.ActiveCfg = Release|x64
		{F5E35787-8361-4511-8BAA-5C2AF97A2899}.Release|Any CPU.Build.0 = Release|x64
		{F5E35787-8361-4511-8BAA-5C2AF97A2899}.Release|Any CPU.Deploy.0 = Release|x64
		{F5E35787-8361-4511-8BAA-5C2AF97A2899}.Release|ARM.ActiveCfg = Release|ARM
		{F5E35787-8361-4511-8BAA-5C2AF97A2899}.Release|ARM.Build.0 = Release|ARM
		{F5E35787-8361-4511-8BAA-5C2AF97A2899}.Release|ARM.Deploy.0 = Release|ARM
		{F5E35787-8361-4511-8BAA-5C2AF97A2899}.Release|iPhone.ActiveCfg = Release|x64
		{F5E35787-8361-4511-8BAA-5C2AF97A2899}.Release|iPhone.Build.0 = Release|x64
		{F5E35787-8361-4511-8BAA-5C2AF97A2899}.Release|iPhone.Deploy.0 = Release|x64
		{F5E35787-8361-4511-8BAA-5C2AF97A2899}.Release|iPhoneSimulator.ActiveCfg = Release|x64
		{F5E35787-8361-4511-8BAA-5C2AF97A2899}.Release|iPhoneSimulator.Build.0 = Release|x64
		{F5E35787-8361-4511-8BAA-5C2AF97A2899}.Release|iPhoneSimulator.Deploy.0 = Release|x64
		{F5E35787-8361-4511-8BAA-5C2AF97A2899}.Release|x64.ActiveCfg = Release|x64
		{F5E35787-8361-4511-8BAA-5C2AF97A2899}.Release|x64.Build.0 = Release|x64
		{F5E35787-8361-4511-8BAA-5C2AF97A2899}.Release|x64.Deploy.0 = Release|x64
		{F5E35787-8361-4511-8BAA-5C2AF97A2899}.Release|x86.ActiveCfg = Release|x86
		{F5E35787-8361-4511-8BAA-5C2AF97A2899}.Release|x86.Build.0 = Release|x86
		{F5E35787-8361-4511-8BAA-5C2AF97A2899}.Release|x86.Deploy.0 = Release|x86
		{EB762C4E-1FEE-4119-9928-7825453A02B6}.Debug|Any CPU.ActiveCfg = Debug|Any CPU
		{EB762C4E-1FEE-4119-9928-7825453A02B6}.Debug|Any CPU.Build.0 = Debug|Any CPU
		{EB762C4E-1FEE-4119-9928-7825453A02B6}.Debug|Any CPU.Deploy.0 = Debug|Any CPU
		{EB762C4E-1FEE-4119-9928-7825453A02B6}.Debug|ARM.ActiveCfg = Debug|Any CPU
		{EB762C4E-1FEE-4119-9928-7825453A02B6}.Debug|ARM.Build.0 = Debug|Any CPU
		{EB762C4E-1FEE-4119-9928-7825453A02B6}.Debug|ARM.Deploy.0 = Debug|Any CPU
		{EB762C4E-1FEE-4119-9928-7825453A02B6}.Debug|iPhone.ActiveCfg = Debug|Any CPU
		{EB762C4E-1FEE-4119-9928-7825453A02B6}.Debug|iPhone.Build.0 = Debug|Any CPU
		{EB762C4E-1FEE-4119-9928-7825453A02B6}.Debug|iPhone.Deploy.0 = Debug|Any CPU
		{EB762C4E-1FEE-4119-9928-7825453A02B6}.Debug|iPhoneSimulator.ActiveCfg = Debug|Any CPU
		{EB762C4E-1FEE-4119-9928-7825453A02B6}.Debug|iPhoneSimulator.Build.0 = Debug|Any CPU
		{EB762C4E-1FEE-4119-9928-7825453A02B6}.Debug|iPhoneSimulator.Deploy.0 = Debug|Any CPU
		{EB762C4E-1FEE-4119-9928-7825453A02B6}.Debug|x64.ActiveCfg = Debug|Any CPU
		{EB762C4E-1FEE-4119-9928-7825453A02B6}.Debug|x64.Build.0 = Debug|Any CPU
		{EB762C4E-1FEE-4119-9928-7825453A02B6}.Debug|x64.Deploy.0 = Debug|Any CPU
		{EB762C4E-1FEE-4119-9928-7825453A02B6}.Debug|x86.ActiveCfg = Debug|Any CPU
		{EB762C4E-1FEE-4119-9928-7825453A02B6}.Debug|x86.Build.0 = Debug|Any CPU
		{EB762C4E-1FEE-4119-9928-7825453A02B6}.Debug|x86.Deploy.0 = Debug|Any CPU
		{EB762C4E-1FEE-4119-9928-7825453A02B6}.Release|Any CPU.ActiveCfg = Release|Any CPU
		{EB762C4E-1FEE-4119-9928-7825453A02B6}.Release|Any CPU.Build.0 = Release|Any CPU
		{EB762C4E-1FEE-4119-9928-7825453A02B6}.Release|Any CPU.Deploy.0 = Release|Any CPU
		{EB762C4E-1FEE-4119-9928-7825453A02B6}.Release|ARM.ActiveCfg = Release|Any CPU
		{EB762C4E-1FEE-4119-9928-7825453A02B6}.Release|ARM.Build.0 = Release|Any CPU
		{EB762C4E-1FEE-4119-9928-7825453A02B6}.Release|ARM.Deploy.0 = Release|Any CPU
		{EB762C4E-1FEE-4119-9928-7825453A02B6}.Release|iPhone.ActiveCfg = Release|Any CPU
		{EB762C4E-1FEE-4119-9928-7825453A02B6}.Release|iPhone.Build.0 = Release|Any CPU
		{EB762C4E-1FEE-4119-9928-7825453A02B6}.Release|iPhone.Deploy.0 = Release|Any CPU
		{EB762C4E-1FEE-4119-9928-7825453A02B6}.Release|iPhoneSimulator.ActiveCfg = Release|Any CPU
		{EB762C4E-1FEE-4119-9928-7825453A02B6}.Release|iPhoneSimulator.Build.0 = Release|Any CPU
		{EB762C4E-1FEE-4119-9928-7825453A02B6}.Release|iPhoneSimulator.Deploy.0 = Release|Any CPU
		{EB762C4E-1FEE-4119-9928-7825453A02B6}.Release|x64.ActiveCfg = Release|Any CPU
		{EB762C4E-1FEE-4119-9928-7825453A02B6}.Release|x64.Build.0 = Release|Any CPU
		{EB762C4E-1FEE-4119-9928-7825453A02B6}.Release|x64.Deploy.0 = Release|Any CPU
		{EB762C4E-1FEE-4119-9928-7825453A02B6}.Release|x86.ActiveCfg = Release|Any CPU
		{EB762C4E-1FEE-4119-9928-7825453A02B6}.Release|x86.Build.0 = Release|Any CPU
		{EB762C4E-1FEE-4119-9928-7825453A02B6}.Release|x86.Deploy.0 = Release|Any CPU
		{F7A16509-050E-4EF0-A3FE-FDA94C916C7A}.Debug|Any CPU.ActiveCfg = Debug|iPhoneSimulator
		{F7A16509-050E-4EF0-A3FE-FDA94C916C7A}.Debug|Any CPU.Build.0 = Debug|iPhoneSimulator
		{F7A16509-050E-4EF0-A3FE-FDA94C916C7A}.Debug|Any CPU.Deploy.0 = Debug|iPhoneSimulator
		{F7A16509-050E-4EF0-A3FE-FDA94C916C7A}.Debug|ARM.ActiveCfg = Debug|iPhoneSimulator
		{F7A16509-050E-4EF0-A3FE-FDA94C916C7A}.Debug|ARM.Build.0 = Debug|iPhoneSimulator
		{F7A16509-050E-4EF0-A3FE-FDA94C916C7A}.Debug|ARM.Deploy.0 = Debug|iPhoneSimulator
		{F7A16509-050E-4EF0-A3FE-FDA94C916C7A}.Debug|iPhone.ActiveCfg = Debug|iPhone
		{F7A16509-050E-4EF0-A3FE-FDA94C916C7A}.Debug|iPhone.Build.0 = Debug|iPhone
		{F7A16509-050E-4EF0-A3FE-FDA94C916C7A}.Debug|iPhone.Deploy.0 = Debug|iPhone
		{F7A16509-050E-4EF0-A3FE-FDA94C916C7A}.Debug|iPhoneSimulator.ActiveCfg = Debug|iPhoneSimulator
		{F7A16509-050E-4EF0-A3FE-FDA94C916C7A}.Debug|iPhoneSimulator.Build.0 = Debug|iPhoneSimulator
		{F7A16509-050E-4EF0-A3FE-FDA94C916C7A}.Debug|iPhoneSimulator.Deploy.0 = Debug|iPhoneSimulator
		{F7A16509-050E-4EF0-A3FE-FDA94C916C7A}.Debug|x64.ActiveCfg = Debug|iPhone
		{F7A16509-050E-4EF0-A3FE-FDA94C916C7A}.Debug|x64.Build.0 = Debug|iPhone
		{F7A16509-050E-4EF0-A3FE-FDA94C916C7A}.Debug|x64.Deploy.0 = Debug|iPhone
		{F7A16509-050E-4EF0-A3FE-FDA94C916C7A}.Debug|x86.ActiveCfg = Debug|iPhoneSimulator
		{F7A16509-050E-4EF0-A3FE-FDA94C916C7A}.Debug|x86.Build.0 = Debug|iPhoneSimulator
		{F7A16509-050E-4EF0-A3FE-FDA94C916C7A}.Debug|x86.Deploy.0 = Debug|iPhoneSimulator
		{F7A16509-050E-4EF0-A3FE-FDA94C916C7A}.Release|Any CPU.ActiveCfg = Release|iPhoneSimulator
		{F7A16509-050E-4EF0-A3FE-FDA94C916C7A}.Release|Any CPU.Build.0 = Release|iPhoneSimulator
		{F7A16509-050E-4EF0-A3FE-FDA94C916C7A}.Release|Any CPU.Deploy.0 = Release|iPhoneSimulator
		{F7A16509-050E-4EF0-A3FE-FDA94C916C7A}.Release|ARM.ActiveCfg = Release|iPhoneSimulator
		{F7A16509-050E-4EF0-A3FE-FDA94C916C7A}.Release|ARM.Build.0 = Release|iPhoneSimulator
		{F7A16509-050E-4EF0-A3FE-FDA94C916C7A}.Release|ARM.Deploy.0 = Release|iPhoneSimulator
		{F7A16509-050E-4EF0-A3FE-FDA94C916C7A}.Release|iPhone.ActiveCfg = Release|iPhone
		{F7A16509-050E-4EF0-A3FE-FDA94C916C7A}.Release|iPhone.Build.0 = Release|iPhone
		{F7A16509-050E-4EF0-A3FE-FDA94C916C7A}.Release|iPhone.Deploy.0 = Release|iPhone
		{F7A16509-050E-4EF0-A3FE-FDA94C916C7A}.Release|iPhoneSimulator.ActiveCfg = Release|iPhoneSimulator
		{F7A16509-050E-4EF0-A3FE-FDA94C916C7A}.Release|iPhoneSimulator.Build.0 = Release|iPhoneSimulator
		{F7A16509-050E-4EF0-A3FE-FDA94C916C7A}.Release|iPhoneSimulator.Deploy.0 = Release|iPhoneSimulator
		{F7A16509-050E-4EF0-A3FE-FDA94C916C7A}.Release|x64.ActiveCfg = Release|iPhoneSimulator
		{F7A16509-050E-4EF0-A3FE-FDA94C916C7A}.Release|x64.Build.0 = Release|iPhoneSimulator
		{F7A16509-050E-4EF0-A3FE-FDA94C916C7A}.Release|x64.Deploy.0 = Release|iPhoneSimulator
		{F7A16509-050E-4EF0-A3FE-FDA94C916C7A}.Release|x86.ActiveCfg = Release|iPhoneSimulator
		{F7A16509-050E-4EF0-A3FE-FDA94C916C7A}.Release|x86.Build.0 = Release|iPhoneSimulator
		{F7A16509-050E-4EF0-A3FE-FDA94C916C7A}.Release|x86.Deploy.0 = Release|iPhoneSimulator
		{D65B3B33-B85F-4F79-8A55-75C7D7CDF4D5}.Debug|Any CPU.ActiveCfg = Debug|Any CPU
		{D65B3B33-B85F-4F79-8A55-75C7D7CDF4D5}.Debug|Any CPU.Build.0 = Debug|Any CPU
		{D65B3B33-B85F-4F79-8A55-75C7D7CDF4D5}.Debug|Any CPU.Deploy.0 = Debug|Any CPU
		{D65B3B33-B85F-4F79-8A55-75C7D7CDF4D5}.Debug|ARM.ActiveCfg = Debug|Any CPU
		{D65B3B33-B85F-4F79-8A55-75C7D7CDF4D5}.Debug|ARM.Build.0 = Debug|Any CPU
		{D65B3B33-B85F-4F79-8A55-75C7D7CDF4D5}.Debug|ARM.Deploy.0 = Debug|Any CPU
		{D65B3B33-B85F-4F79-8A55-75C7D7CDF4D5}.Debug|iPhone.ActiveCfg = Debug|Any CPU
		{D65B3B33-B85F-4F79-8A55-75C7D7CDF4D5}.Debug|iPhone.Build.0 = Debug|Any CPU
		{D65B3B33-B85F-4F79-8A55-75C7D7CDF4D5}.Debug|iPhone.Deploy.0 = Debug|Any CPU
		{D65B3B33-B85F-4F79-8A55-75C7D7CDF4D5}.Debug|iPhoneSimulator.ActiveCfg = Debug|Any CPU
		{D65B3B33-B85F-4F79-8A55-75C7D7CDF4D5}.Debug|iPhoneSimulator.Build.0 = Debug|Any CPU
		{D65B3B33-B85F-4F79-8A55-75C7D7CDF4D5}.Debug|iPhoneSimulator.Deploy.0 = Debug|Any CPU
		{D65B3B33-B85F-4F79-8A55-75C7D7CDF4D5}.Debug|x64.ActiveCfg = Debug|Any CPU
		{D65B3B33-B85F-4F79-8A55-75C7D7CDF4D5}.Debug|x64.Build.0 = Debug|Any CPU
		{D65B3B33-B85F-4F79-8A55-75C7D7CDF4D5}.Debug|x64.Deploy.0 = Debug|Any CPU
		{D65B3B33-B85F-4F79-8A55-75C7D7CDF4D5}.Debug|x86.ActiveCfg = Debug|Any CPU
		{D65B3B33-B85F-4F79-8A55-75C7D7CDF4D5}.Debug|x86.Build.0 = Debug|Any CPU
		{D65B3B33-B85F-4F79-8A55-75C7D7CDF4D5}.Debug|x86.Deploy.0 = Debug|Any CPU
		{D65B3B33-B85F-4F79-8A55-75C7D7CDF4D5}.Release|Any CPU.ActiveCfg = Release|Any CPU
		{D65B3B33-B85F-4F79-8A55-75C7D7CDF4D5}.Release|Any CPU.Build.0 = Release|Any CPU
		{D65B3B33-B85F-4F79-8A55-75C7D7CDF4D5}.Release|Any CPU.Deploy.0 = Release|Any CPU
		{D65B3B33-B85F-4F79-8A55-75C7D7CDF4D5}.Release|ARM.ActiveCfg = Release|Any CPU
		{D65B3B33-B85F-4F79-8A55-75C7D7CDF4D5}.Release|ARM.Build.0 = Release|Any CPU
		{D65B3B33-B85F-4F79-8A55-75C7D7CDF4D5}.Release|ARM.Deploy.0 = Release|Any CPU
		{D65B3B33-B85F-4F79-8A55-75C7D7CDF4D5}.Release|iPhone.ActiveCfg = Release|Any CPU
		{D65B3B33-B85F-4F79-8A55-75C7D7CDF4D5}.Release|iPhone.Build.0 = Release|Any CPU
		{D65B3B33-B85F-4F79-8A55-75C7D7CDF4D5}.Release|iPhone.Deploy.0 = Release|Any CPU
		{D65B3B33-B85F-4F79-8A55-75C7D7CDF4D5}.Release|iPhoneSimulator.ActiveCfg = Release|Any CPU
		{D65B3B33-B85F-4F79-8A55-75C7D7CDF4D5}.Release|iPhoneSimulator.Build.0 = Release|Any CPU
		{D65B3B33-B85F-4F79-8A55-75C7D7CDF4D5}.Release|iPhoneSimulator.Deploy.0 = Release|Any CPU
		{D65B3B33-B85F-4F79-8A55-75C7D7CDF4D5}.Release|x64.ActiveCfg = Release|Any CPU
		{D65B3B33-B85F-4F79-8A55-75C7D7CDF4D5}.Release|x64.Build.0 = Release|Any CPU
		{D65B3B33-B85F-4F79-8A55-75C7D7CDF4D5}.Release|x64.Deploy.0 = Release|Any CPU
		{D65B3B33-B85F-4F79-8A55-75C7D7CDF4D5}.Release|x86.ActiveCfg = Release|Any CPU
		{D65B3B33-B85F-4F79-8A55-75C7D7CDF4D5}.Release|x86.Build.0 = Release|Any CPU
		{D65B3B33-B85F-4F79-8A55-75C7D7CDF4D5}.Release|x86.Deploy.0 = Release|Any CPU
	EndGlobalSection
	GlobalSection(SolutionProperties) = preSolution
		HideSolutionNode = FALSE
	EndGlobalSection
	GlobalSection(ExtensibilityGlobals) = postSolution
		SolutionGuid = {123F4475-FAAD-4477-A1DD-7A3EF26C784D}
	EndGlobalSection
EndGlobal
